
Microsoft Visual Studio Solution File, Format Version 9.00
# Visual Studio 2005
Project("{FAE04EC0-301F-11D3-BF4B-00C04F79EFBC}") = "AllToMp3", "AllToMp3\AllToMp3.csproj", "{658A897B-FE94-4673-BE45-1AB7092C75FA}"
EndProject
Global
	GlobalSection(SolutionConfigurationPlatforms) = preSolution
		Debug|Any CPU = Debug|Any CPU
		Release|Any CPU = Release|Any CPU
	EndGlobalSection
	GlobalSection(ProjectConfigurationPlatforms) = postSolution
		{658A897B-FE94-4673-BE45-1AB7092C75FA}.Debug|Any CPU.ActiveCfg = Debug|Any CPU
		{658A897B-FE94-4673-BE45-1AB7092C75FA}.Debug|Any CPU.Build.0 = Debug|Any CPU
		{658A897B-FE94-4673-BE45-1AB7092C75FA}.Release|Any CPU.ActiveCfg = Release|Any CPU
		{658A897B-FE94-4673-BE45-1AB7092C75FA}.Release|Any CPU.Build.0 = Release|Any CPU
	EndGlobalSection
	GlobalSection(MonoDevelopProperties) = preSolution
		StartupItem = AllToMp3\AllToMp3.csproj
	EndGlobalSection
EndGlobal
